
Microsoft Visual Studio Solution File, Format Version 12.00
# Visual Studio Version 17
VisualStudioVersion = 17.0.32014.148
MinimumVisualStudioVersion = 10.0.40219.1
Project("{9A19103F-16F7-4668-BE54-9A1E7A4F7556}") = "AgsLauncherV2", "AgsLauncherV2.csproj", "{DD38ACF5-3CC1-4518-995F-BB0F446E3575}"
EndProject
Global
	GlobalSection(SolutionConfigurationPlatforms) = preSolution
		Debug|Any CPU = Debug|Any CPU
		Prod|Any CPU = Prod|Any CPU
		Release|Any CPU = Release|Any CPU
	EndGlobalSection
	GlobalSection(ProjectConfigurationPlatforms) = postSolution
		{DD38ACF5-3CC1-4518-995F-BB0F446E3575}.Debug|Any CPU.ActiveCfg = Debug|Any CPU
		{DD38ACF5-3CC1-4518-995F-BB0F446E3575}.Debug|Any CPU.Build.0 = Debug|Any CPU
		{DD38ACF5-3CC1-4518-995F-BB0F446E3575}.Prod|Any CPU.ActiveCfg = Prod|Any CPU
		{DD38ACF5-3CC1-4518-995F-BB0F446E3575}.Prod|Any CPU.Build.0 = Prod|Any CPU
		{DD38ACF5-3CC1-4518-995F-BB0F446E3575}.Release|Any CPU.ActiveCfg = Release|Any CPU
		{DD38ACF5-3CC1-4518-995F-BB0F446E3575}.Release|Any CPU.Build.0 = Release|Any CPU
	EndGlobalSection
	GlobalSection(SolutionProperties) = preSolution
		HideSolutionNode = FALSE
	EndGlobalSection
	GlobalSection(ExtensibilityGlobals) = postSolution
		SolutionGuid = {95D6E55A-AB55-4A9F-A10C-52E49B4327ED}
	EndGlobalSection
EndGlobal
